
Microsoft Visual Studio Solution File, Format Version 12.00
# Visual Studio Version 17
VisualStudioVersion = 17.0.32014.148
MinimumVisualStudioVersion = 10.0.40219.1
Project("{9A19103F-16F7-4668-BE54-9A1E7A4F7556}") = "Algorithm.Entry", "Algorithm.Entry\Algorithm.Entry.csproj", "{FEADBF0F-E8EC-488F-B1CE-43D6A9A53DE5}"
EndProject
Project("{FAE04EC0-301F-11D3-BF4B-00C04F79EFBC}") = "Algoritm.Mid", "Algoritm.Mid\Algoritm.Mid.csproj", "{8B86F450-7A74-40DB-AD44-4D0264588189}"
EndProject
Global
	GlobalSection(SolutionConfigurationPlatforms) = preSolution
		Debug|Any CPU = Debug|Any CPU
		Release|Any CPU = Release|Any CPU
	EndGlobalSection
	GlobalSection(ProjectConfigurationPlatforms) = postSolution
		{FEADBF0F-E8EC-488F-B1CE-43D6A9A53DE5}.Debug|Any CPU.ActiveCfg = Debug|Any CPU
		{FEADBF0F-E8EC-488F-B1CE-43D6A9A53DE5}.Debug|Any CPU.Build.0 = Debug|Any CPU
		{FEADBF0F-E8EC-488F-B1CE-43D6A9A53DE5}.Release|Any CPU.ActiveCfg = Release|Any CPU
		{FEADBF0F-E8EC-488F-B1CE-43D6A9A53DE5}.Release|Any CPU.Build.0 = Release|Any CPU
		{8B86F450-7A74-40DB-AD44-4D0264588189}.Debug|Any CPU.ActiveCfg = Debug|Any CPU
		{8B86F450-7A74-40DB-AD44-4D0264588189}.Debug|Any CPU.Build.0 = Debug|Any CPU
		{8B86F450-7A74-40DB-AD44-4D0264588189}.Release|Any CPU.ActiveCfg = Release|Any CPU
		{8B86F450-7A74-40DB-AD44-4D0264588189}.Release|Any CPU.Build.0 = Release|Any CPU
	EndGlobalSection
	GlobalSection(SolutionProperties) = preSolution
		HideSolutionNode = FALSE
	EndGlobalSection
	GlobalSection(ExtensibilityGlobals) = postSolution
		SolutionGuid = {78C41029-8BE2-44C5-9F77-7718F2F3D7FF}
	EndGlobalSection
EndGlobal
